{
  "name": "@vibethink/orchestrator",
  "version": "1.0.0",
  "lockfileVersion": 3,
  "requires": true,
  "packages": {
    "": {
      "name": "@vibethink/orchestrator",
      "version": "1.0.0",
      "dependencies": {
        "i18next": "^25.7.3",
        "react-i18next": "^16.5.0"
      },
      "devDependencies": {
        "turbo": "latest"
      },
      "engines": {
        "node": ">=18"
      }
    },
    "apps/admin": {
      "name": "@vibethink/admin",
      "version": "1.0.0",
      "extraneous": true
    },
    "apps/bundui-reference": {
      "version": "0.6.1",
      "extraneous": true,
      "dependencies": {
        "@dnd-kit/core": "^6.3.1",
        "@dnd-kit/modifiers": "^9.0.0",
        "@dnd-kit/sortable": "^10.0.0",
        "@dnd-kit/utilities": "^3.2.2",
        "@fullcalendar/core": "^6.1.17",
        "@fullcalendar/daygrid": "^6.1.17",
        "@fullcalendar/interaction": "^6.1.17",
        "@fullcalendar/react": "^6.1.17",
        "@fullcalendar/timegrid": "^6.1.17",
        "@hello-pangea/dnd": "^18.0.1",
        "@hookform/resolvers": "^5.1.1",
        "@radix-ui/react-accordion": "^1.2.11",
        "@radix-ui/react-alert-dialog": "^1.1.14",
        "@radix-ui/react-aspect-ratio": "^1.1.7",
        "@radix-ui/react-avatar": "^1.1.10",
        "@radix-ui/react-checkbox": "^1.3.2",
        "@radix-ui/react-collapsible": "^1.1.11",
        "@radix-ui/react-context-menu": "^2.2.15",
        "@radix-ui/react-dialog": "^1.1.14",
        "@radix-ui/react-dropdown-menu": "^2.1.15",
        "@radix-ui/react-hover-card": "^1.1.14",
        "@radix-ui/react-icons": "^1.3.2",
        "@radix-ui/react-label": "^2.1.7",
        "@radix-ui/react-menubar": "^1.1.15",
        "@radix-ui/react-navigation-menu": "^1.2.13",
        "@radix-ui/react-popover": "^1.1.14",
        "@radix-ui/react-progress": "^1.1.7",
        "@radix-ui/react-radio-group": "^1.3.7",
        "@radix-ui/react-scroll-area": "^1.2.9",
        "@radix-ui/react-select": "^2.2.5",
        "@radix-ui/react-separator": "^1.1.7",
        "@radix-ui/react-slider": "^1.3.5",
        "@radix-ui/react-slot": "^1.2.3",
        "@radix-ui/react-switch": "^1.2.5",
        "@radix-ui/react-tabs": "^1.1.12",
        "@radix-ui/react-toast": "^1.2.14",
        "@radix-ui/react-toggle": "^1.1.9",
        "@radix-ui/react-toggle-group": "^1.1.10",
        "@radix-ui/react-tooltip": "^1.2.7",
        "@tanstack/react-table": "^8.21.3",
        "@tiptap/extension-code-block-lowlight": "^2.22.3",
        "@tiptap/extension-color": "^2.22.3",
        "@tiptap/extension-heading": "^2.22.3",
        "@tiptap/extension-horizontal-rule": "^2.22.3",
        "@tiptap/extension-image": "^2.22.3",
        "@tiptap/extension-link": "^2.22.3",
        "@tiptap/extension-placeholder": "^2.22.3",
        "@tiptap/extension-text-style": "^2.22.3",
        "@tiptap/extension-typography": "^2.22.3",
        "@tiptap/extension-underline": "^2.22.3",
        "@tiptap/pm": "^2.22.3",
        "@tiptap/react": "^2.22.3",
        "@tiptap/starter-kit": "^2.22.3",
        "class-variance-authority": "^0.7.1",
        "clsx": "^2.1.1",
        "cmdk": "^1.0.0",
        "date-fns": "^4.1.0",
        "dotenv": "^16.5.0",
        "embla-carousel-react": "^8.6.0",
        "input-otp": "^1.4.2",
        "lowlight": "^3.3.0",
        "lucide-react": "^0.522.0",
        "marked": "^15.0.12",
        "motion": "^12.19.1",
        "next": "^15.3.4",
        "next-themes": "^0.4.6",
        "nextjs-toploader": "^3.8.16",
        "react": "^19.0.0",
        "react-day-picker": "^9.7.0",
        "react-dom": "^19.0.0",
        "react-ga4": "^2.1.0",
        "react-hook-form": "^7.58.1",
        "react-markdown": "^10.1.0",
        "react-medium-image-zoom": "^5.2.14",
        "react-resizable-panels": "^3.0.3",
        "react-world-flags": "^1.6.0",
        "recharts": "^2.15.4",
        "remark-gfm": "^4.0.1",
        "shiki": "^3.7.0",
        "sonner": "^2.0.6",
        "swiper": "^11.1.14",
        "tailwind-merge": "^3.3.1",
        "tailwindcss-animate": "^1.0.7",
        "uuid": "^11.1.0",
        "vaul": "^1.1.2",
        "zod": "^3.25.67",
        "zustand": "^5.0.5"
      },
      "devDependencies": {
        "@tailwindcss/postcss": "^4.1.10",
        "@types/node": "^24",
        "@types/react": "^19.1.8",
        "@types/react-dom": "^19.1.6",
        "@types/react-world-flags": "^1.6.0",
        "eslint": "^9.29.0",
        "eslint-config-next": "^15.3.4",
        "eslint-plugin-readable-tailwind": "^3.0.0",
        "prettier": "^3.6.0",
        "prettier-plugin-tailwindcss": "^0.6.13",
        "tailwindcss": "^4.1.10",
        "typescript": "^5.8.3"
      }
    },
    "apps/dashboard": {
      "name": "vibethink-orchestrator-dashboard",
      "version": "1.0.0",
      "extraneous": true,
      "dependencies": {
        "@tanstack/react-table": "8.21.3",
        "@tiptap/extension-code-block-lowlight": "2.22.3",
        "@tiptap/extension-color": "2.22.3",
        "@tiptap/extension-heading": "2.22.3",
        "@tiptap/extension-horizontal-rule": "2.22.3",
        "@tiptap/extension-image": "2.22.3",
        "@tiptap/extension-link": "2.22.3",
        "@tiptap/extension-placeholder": "2.22.3",
        "@tiptap/extension-text-style": "2.22.3",
        "@tiptap/extension-typography": "2.22.3",
        "@tiptap/extension-underline": "2.22.3",
        "@tiptap/pm": "2.22.3",
        "@tiptap/react": "2.22.3",
        "@tiptap/starter-kit": "2.22.3",
        "@vibethink/ui": "^0.2.0",
        "@vibethink/utils": "^0.1.0",
        "@xyflow/react": "^12.10.0",
        "cmdk": "1.0.0",
        "date-fns": "4.1.0",
        "embla-carousel-react": "8.6.0",
        "input-otp": "1.4.2",
        "lowlight": "3.3.0",
        "marked": "15.0.12",
        "motion": "12.19.1",
        "next": "15.3.4",
        "next-themes": "0.4.6",
        "nextjs-toploader": "3.8.16",
        "react": "19.0.0",
        "react-day-picker": "9.7.0",
        "react-dom": "19.0.0",
        "react-hook-form": "7.62.0",
        "react-markdown": "10.1.0",
        "react-medium-image-zoom": "5.2.14",
        "react-resizable-panels": "3.0.3",
        "react-world-flags": "1.6.0",
        "recharts": "2.15.4",
        "remark-gfm": "4.0.1",
        "shiki": "3.7.0",
        "sonner": "2.0.6",
        "swiper": "11.1.14",
        "uuid": "11.1.0",
        "vaul": "1.1.2",
        "zod": "3.25.67",
        "zustand": "5.0.5"
      },
      "devDependencies": {
        "@tailwindcss/postcss": "4.1.10",
        "@types/node": "24.0.0",
        "@types/react": "19.1.8",
        "@types/react-dom": "19.1.6",
        "@types/react-world-flags": "1.6.0",
        "eslint": "9.29.0",
        "eslint-config-next": "15.3.4",
        "eslint-plugin-react-refresh": "^0.4.24",
        "eslint-plugin-readable-tailwind": "3.0.0",
        "prettier": "3.6.0",
        "prettier-plugin-tailwindcss": "0.6.13",
        "tailwindcss": "4.1.10",
        "typescript": "5.8.3"
      }
    },
    "apps/helpdesk": {
      "name": "@vibethink/helpdesk",
      "version": "1.0.0",
      "extraneous": true
    },
    "apps/login": {
      "name": "@vibethink/login",
      "version": "1.0.0",
      "extraneous": true
    },
    "apps/main-app": {
      "name": "@vibethink/main-app",
      "version": "1.0.0",
      "extraneous": true
    },
    "apps/website": {
      "name": "cosmic",
      "version": "1.5.0",
      "extraneous": true,
      "dependencies": {
        "@hookform/resolvers": "^5.0.1",
        "@radix-ui/react-accordion": "^1.2.3",
        "@radix-ui/react-avatar": "^1.1.3",
        "@radix-ui/react-collapsible": "^1.1.3",
        "@radix-ui/react-dialog": "^1.1.6",
        "@radix-ui/react-label": "^2.1.2",
        "@radix-ui/react-navigation-menu": "^1.2.5",
        "@radix-ui/react-scroll-area": "^1.2.3",
        "@radix-ui/react-select": "^2.1.6",
        "@radix-ui/react-separator": "^1.1.2",
        "@radix-ui/react-slot": "^1.1.2",
        "@radix-ui/react-tabs": "^1.1.3",
        "embla-carousel-react": "^8.6.0",
        "lucide-react": "^0.487.0",
        "motion": "^12.11.4",
        "next-themes": "^0.4.6",
        "prettier-plugin-tailwindcss": "^0.6.11",
        "react": "^19",
        "react-dom": "^19",
        "react-hook-form": "^7.55.0",
        "react-use-measure": "^2.1.7",
        "tailwindcss-animate": "^1.0.7"
      },
      "devDependencies": {
        "@tailwindcss/postcss": "^4.1.3",
        "eslint-config-next": "15.2.4"
      }
    },
    "node_modules/@babel/runtime": {
      "version": "7.28.4",
      "resolved": "https://registry.npmjs.org/@babel/runtime/-/runtime-7.28.4.tgz",
      "integrity": "sha512-Q/N6JNWvIvPnLDvjlE1OUBLPQHH6l3CltCEsHIujp45zQUSSh8K+gHnaEX45yAT1nyngnINhvWtzN+Nb9D8RAQ==",
      "license": "MIT",
      "engines": {
        "node": ">=6.9.0"
      }
    },
    "node_modules/html-parse-stringify": {
      "version": "3.0.1",
      "resolved": "https://registry.npmjs.org/html-parse-stringify/-/html-parse-stringify-3.0.1.tgz",
      "integrity": "sha512-KknJ50kTInJ7qIScF3jeaFRpMpE8/lfiTdzf/twXyPBLAGrLRTmkz3AdTnKeh40X8k9L2fdYwEp/42WGXIRGcg==",
      "license": "MIT",
      "dependencies": {
        "void-elements": "3.1.0"
      }
    },
    "node_modules/i18next": {
      "version": "25.7.3",
      "resolved": "https://registry.npmjs.org/i18next/-/i18next-25.7.3.tgz",
      "integrity": "sha512-2XaT+HpYGuc2uTExq9TVRhLsso+Dxym6PWaKpn36wfBmTI779OQ7iP/XaZHzrnGyzU4SHpFrTYLKfVyBfAhVNA==",
      "funding": [
        {
          "type": "individual",
          "url": "https://locize.com"
        },
        {
          "type": "individual",
          "url": "https://locize.com/i18next.html"
        },
        {
          "type": "individual",
          "url": "https://www.i18next.com/how-to/faq#i18next-is-awesome.-how-can-i-support-the-project"
        }
      ],
      "license": "MIT",
      "dependencies": {
        "@babel/runtime": "^7.28.4"
      },
      "peerDependencies": {
        "typescript": "^5"
      },
      "peerDependenciesMeta": {
        "typescript": {
          "optional": true
        }
      }
    },
    "node_modules/react": {
      "version": "19.0.0",
      "resolved": "https://registry.npmjs.org/react/-/react-19.0.0.tgz",
      "integrity": "sha512-V8AVnmPIICiWpGfm6GLzCR/W5FXLchHop40W4nXBmdlEceh16rCN8O8LNWm5bh5XUX91fh7KpA+W0TgMKmgTpQ==",
      "license": "MIT",
      "peer": true,
      "engines": {
        "node": ">=0.10.0"
      }
    },
    "node_modules/react-i18next": {
      "version": "16.5.0",
      "resolved": "https://registry.npmjs.org/react-i18next/-/react-i18next-16.5.0.tgz",
      "integrity": "sha512-IMpPTyCTKxEj8klCrLKUTIUa8uYTd851+jcu2fJuUB9Agkk9Qq8asw4omyeHVnOXHrLgQJGTm5zTvn8HpaPiqw==",
      "license": "MIT",
      "dependencies": {
        "@babel/runtime": "^7.27.6",
        "html-parse-stringify": "^3.0.1",
        "use-sync-external-store": "^1.6.0"
      },
      "peerDependencies": {
        "i18next": ">= 25.6.2",
        "react": ">= 16.8.0",
        "typescript": "^5"
      },
      "peerDependenciesMeta": {
        "react-dom": {
          "optional": true
        },
        "react-native": {
          "optional": true
        },
        "typescript": {
          "optional": true
        }
      }
    },
    "node_modules/turbo": {
      "version": "2.7.2",
      "resolved": "https://registry.npmjs.org/turbo/-/turbo-2.7.2.tgz",
      "integrity": "sha512-5JIA5aYBAJSAhrhbyag1ZuMSgUZnHtI+Sq3H8D3an4fL8PeF+L1yYvbEJg47akP1PFfATMf5ehkqFnxfkmuwZQ==",
      "dev": true,
      "license": "MIT",
      "bin": {
        "turbo": "bin/turbo"
      },
      "optionalDependencies": {
        "turbo-darwin-64": "2.7.2",
        "turbo-darwin-arm64": "2.7.2",
        "turbo-linux-64": "2.7.2",
        "turbo-linux-arm64": "2.7.2",
        "turbo-windows-64": "2.7.2",
        "turbo-windows-arm64": "2.7.2"
      }
    },
    "node_modules/turbo-darwin-64": {
      "version": "2.7.2",
      "resolved": "https://registry.npmjs.org/turbo-darwin-64/-/turbo-darwin-64-2.7.2.tgz",
      "integrity": "sha512-dxY3X6ezcT5vm3coK6VGixbrhplbQMwgNsCsvZamS/+/6JiebqW9DKt4NwpgYXhDY2HdH00I7FWs3wkVuan4rA==",
      "cpu": [
        "x64"
      ],
      "dev": true,
      "license": "MIT",
      "optional": true,
      "os": [
        "darwin"
      ]
    },
    "node_modules/turbo-darwin-arm64": {
      "version": "2.7.2",
      "resolved": "https://registry.npmjs.org/turbo-darwin-arm64/-/turbo-darwin-arm64-2.7.2.tgz",
      "integrity": "sha512-1bXmuwPLqNFt3mzrtYcVx1sdJ8UYb124Bf48nIgcpMCGZy3kDhgxNv1503kmuK/37OGOZbsWSQFU4I08feIuSg==",
      "cpu": [
        "arm64"
      ],
      "dev": true,
      "license": "MIT",
      "optional": true,
      "os": [
        "darwin"
      ]
    },
    "node_modules/turbo-linux-64": {
      "version": "2.7.2",
      "resolved": "https://registry.npmjs.org/turbo-linux-64/-/turbo-linux-64-2.7.2.tgz",
      "integrity": "sha512-kP+TiiMaiPugbRlv57VGLfcjFNsFbo8H64wMBCPV2270Or2TpDCBULMzZrvEsvWFjT3pBFvToYbdp8/Kw0jAQg==",
      "cpu": [
        "x64"
      ],
      "dev": true,
      "license": "MIT",
      "optional": true,
      "os": [
        "linux"
      ]
    },
    "node_modules/turbo-linux-arm64": {
      "version": "2.7.2",
      "resolved": "https://registry.npmjs.org/turbo-linux-arm64/-/turbo-linux-arm64-2.7.2.tgz",
      "integrity": "sha512-VDJwQ0+8zjAfbyY6boNaWfP6RIez4ypKHxwkuB6SrWbOSk+vxTyW5/hEjytTwK8w/TsbKVcMDyvpora8tEsRFw==",
      "cpu": [
        "arm64"
      ],
      "dev": true,
      "license": "MIT",
      "optional": true,
      "os": [
        "linux"
      ]
    },
    "node_modules/turbo-windows-64": {
      "version": "2.7.2",
      "resolved": "https://registry.npmjs.org/turbo-windows-64/-/turbo-windows-64-2.7.2.tgz",
      "integrity": "sha512-rPjqQXVnI6A6oxgzNEE8DNb6Vdj2Wwyhfv3oDc+YM3U9P7CAcBIlKv/868mKl4vsBtz4ouWpTQNXG8vljgJO+w==",
      "cpu": [
        "x64"
      ],
      "dev": true,
      "license": "MIT",
      "optional": true,
      "os": [
        "win32"
      ]
    },
    "node_modules/turbo-windows-arm64": {
      "version": "2.7.2",
      "resolved": "https://registry.npmjs.org/turbo-windows-arm64/-/turbo-windows-arm64-2.7.2.tgz",
      "integrity": "sha512-tcnHvBhO515OheIFWdxA+qUvZzNqqcHbLVFc1+n+TJ1rrp8prYicQtbtmsiKgMvr/54jb9jOabU62URAobnB7g==",
      "cpu": [
        "arm64"
      ],
      "dev": true,
      "license": "MIT",
      "optional": true,
      "os": [
        "win32"
      ]
    },
    "node_modules/use-sync-external-store": {
      "version": "1.6.0",
      "resolved": "https://registry.npmjs.org/use-sync-external-store/-/use-sync-external-store-1.6.0.tgz",
      "integrity": "sha512-Pp6GSwGP/NrPIrxVFAIkOQeyw8lFenOHijQWkUTrDvrF4ALqylP2C/KCkeS9dpUM3KvYRQhna5vt7IL95+ZQ9w==",
      "license": "MIT",
      "peerDependencies": {
        "react": "^16.8.0 || ^17.0.0 || ^18.0.0 || ^19.0.0"
      }
    },
    "node_modules/void-elements": {
      "version": "3.1.0",
      "resolved": "https://registry.npmjs.org/void-elements/-/void-elements-3.1.0.tgz",
      "integrity": "sha512-Dhxzh5HZuiHQhbvTW9AMetFfBHDMYpo23Uo9btPXgdYP+3T5S+p+jgNy7spra+veYhBP2dCSgxR/i2Y02h5/6w==",
      "license": "MIT",
      "engines": {
        "node": ">=0.10.0"
      }
    },
    "packages/bundui-ui": {
      "name": "@vibethink/bundui-ui",
      "version": "0.1.0",
      "extraneous": true,
      "dependencies": {
        "@radix-ui/react-accordion": "1.2.11",
        "@radix-ui/react-alert-dialog": "1.1.14",
        "@radix-ui/react-aspect-ratio": "1.1.7",
        "@radix-ui/react-avatar": "1.1.10",
        "@radix-ui/react-checkbox": "1.3.2",
        "@radix-ui/react-collapsible": "1.1.11",
        "@radix-ui/react-context-menu": "2.2.15",
        "@radix-ui/react-dialog": "1.1.14",
        "@radix-ui/react-dropdown-menu": "2.1.15",
        "@radix-ui/react-hover-card": "1.1.14",
        "@radix-ui/react-icons": "1.3.2",
        "@radix-ui/react-label": "2.1.7",
        "@radix-ui/react-menubar": "1.1.15",
        "@radix-ui/react-navigation-menu": "1.2.13",
        "@radix-ui/react-popover": "1.1.14",
        "@radix-ui/react-progress": "1.1.7",
        "@radix-ui/react-radio-group": "1.3.7",
        "@radix-ui/react-scroll-area": "1.2.9",
        "@radix-ui/react-select": "2.2.5",
        "@radix-ui/react-separator": "1.1.7",
        "@radix-ui/react-slider": "1.3.5",
        "@radix-ui/react-slot": "1.2.3",
        "@radix-ui/react-switch": "1.2.5",
        "@radix-ui/react-tabs": "1.1.12",
        "@radix-ui/react-toast": "1.2.14",
        "@radix-ui/react-toggle": "1.1.9",
        "@radix-ui/react-toggle-group": "1.1.10",
        "@radix-ui/react-tooltip": "1.2.7",
        "@vibethink/utils": "^0.1.0",
        "class-variance-authority": "0.7.1",
        "clsx": "2.1.1",
        "cmdk": "1.0.0",
        "date-fns": "4.1.0",
        "input-otp": "1.4.2",
        "lucide-react": "0.522.0",
        "react": "^18.0.0 || ^19.0.0",
        "react-day-picker": "9.7.0",
        "react-dom": "^18.0.0 || ^19.0.0",
        "tailwind-merge": "3.3.1",
        "tailwindcss-animate": "1.0.7"
      },
      "devDependencies": {
        "@types/react": "^18.3.12",
        "@types/react-dom": "^18.3.1"
      },
      "peerDependencies": {
        "react": "^18.0.0 || ^19.0.0",
        "react-dom": "^18.0.0 || ^19.0.0",
        "tailwindcss": "^3.0.0 || ^4.0.0"
      }
    },
    "packages/cli": {
      "name": "@vibethink/cli",
      "version": "0.1.0",
      "extraneous": true,
      "license": "MIT",
      "dependencies": {
        "chalk": "^4.1.2",
        "commander": "^11.0.0",
        "fs-extra": "^11.3.2",
        "inquirer": "^9.0.0"
      },
      "bin": {
        "vtk": "bin/vtk.js"
      }
    },
    "packages/eslint-config": {
      "name": "@vibethink/eslint-config",
      "version": "0.1.0",
      "extraneous": true,
      "dependencies": {
        "eslint-config-next": "15.3.4"
      },
      "peerDependencies": {
        "eslint": "^8.0.0"
      }
    },
    "packages/ui": {
      "name": "@vibethink/ui",
      "version": "0.2.0",
      "extraneous": true,
      "dependencies": {
        "@radix-ui/react-accordion": "^1.2.11",
        "@radix-ui/react-alert-dialog": "^1.1.14",
        "@radix-ui/react-aspect-ratio": "^1.1.7",
        "@radix-ui/react-avatar": "^1.1.10",
        "@radix-ui/react-checkbox": "^1.3.2",
        "@radix-ui/react-collapsible": "^1.1.11",
        "@radix-ui/react-context-menu": "^2.2.15",
        "@radix-ui/react-dialog": "^1.1.14",
        "@radix-ui/react-dropdown-menu": "^2.1.15",
        "@radix-ui/react-hover-card": "^1.1.14",
        "@radix-ui/react-label": "^2.1.7",
        "@radix-ui/react-menubar": "^1.1.15",
        "@radix-ui/react-navigation-menu": "^1.2.13",
        "@radix-ui/react-popover": "^1.1.14",
        "@radix-ui/react-progress": "^1.1.8",
        "@radix-ui/react-radio-group": "^1.3.7",
        "@radix-ui/react-scroll-area": "^1.2.9",
        "@radix-ui/react-select": "^2.2.5",
        "@radix-ui/react-separator": "^1.1.7",
        "@radix-ui/react-slider": "^1.3.5",
        "@radix-ui/react-slot": "^1.2.4",
        "@radix-ui/react-switch": "^1.2.5",
        "@radix-ui/react-tabs": "^1.1.12",
        "@radix-ui/react-toggle": "^1.1.9",
        "@radix-ui/react-toggle-group": "^1.1.10",
        "@radix-ui/react-tooltip": "^1.2.7",
        "class-variance-authority": "^0.7.1",
        "clsx": "^2.1.1",
        "cmdk": "^1.0.0",
        "embla-carousel-react": "^8.6.0",
        "input-otp": "^1.4.2",
        "lucide-react": "^0.522.0",
        "next-themes": "^0.4.6",
        "react-day-picker": "^9.8.1",
        "react-hook-form": "^7.62.0",
        "react-resizable-panels": "^3.0.3",
        "recharts": "^2.15.4",
        "sonner": "^2.0.6",
        "tailwind-merge": "^3.3.1",
        "tailwindcss-animate": "^1.0.7",
        "vaul": "^1.1.2"
      },
      "devDependencies": {
        "@types/react": "^19.1.8",
        "@types/react-dom": "^19.1.6",
        "typescript": "^5.9.2"
      },
      "peerDependencies": {
        "react": "^18.0.0 || ^19.0.0",
        "react-dom": "^18.0.0 || ^19.0.0",
        "tailwindcss": "^3.0.0 || ^4.0.0"
      }
    },
    "packages/utils": {
      "name": "@vibethink/utils",
      "version": "0.1.0",
      "extraneous": true,
      "dependencies": {
        "clsx": "^2.1.1",
        "intl-messageformat": "^11.0.4",
        "tailwind-merge": "^3.3.1"
      },
      "devDependencies": {
        "typescript": "^5.0.0"
      }
    }
  }
}
